
Microsoft Visual Studio Solution File, Format Version 12.00
# Visual Studio Version 17
VisualStudioVersion = 17.13.35919.96
MinimumVisualStudioVersion = 10.0.40219.1
Project("{FAE04EC0-301F-11D3-BF4B-00C04F79EFBC}") = "MediaTekDocuments", "MediaTekDocuments\MediaTekDocuments.csproj", "{75DE903D-6147-4E14-BBE0-FA20CD1F9840}"
EndProject
Project("{FAE04EC0-301F-11D3-BF4B-00C04F79EFBC}") = "MediatekDocumentsTests", "MediatekDocumentsTests\MediatekDocumentsTests.csproj", "{8B09646E-5BF0-4B05-A04A-338FCCA2B65D}"
	ProjectSection(ProjectDependencies) = postProject
		{75DE903D-6147-4E14-BBE0-FA20CD1F9840} = {75DE903D-6147-4E14-BBE0-FA20CD1F9840}
	EndProjectSection
EndProject
Global
	GlobalSection(SolutionConfigurationPlatforms) = preSolution
		Debug|Any CPU = Debug|Any CPU
		Release|Any CPU = Release|Any CPU
	EndGlobalSection
	GlobalSection(ProjectConfigurationPlatforms) = postSolution
		{75DE903D-6147-4E14-BBE0-FA20CD1F9840}.Debug|Any CPU.ActiveCfg = Debug|Any CPU
		{75DE903D-6147-4E14-BBE0-FA20CD1F9840}.Debug|Any CPU.Build.0 = Debug|Any CPU
		{75DE903D-6147-4E14-BBE0-FA20CD1F9840}.Release|Any CPU.ActiveCfg = Release|Any CPU
		{75DE903D-6147-4E14-BBE0-FA20CD1F9840}.Release|Any CPU.Build.0 = Release|Any CPU
		{8B09646E-5BF0-4B05-A04A-338FCCA2B65D}.Debug|Any CPU.ActiveCfg = Debug|Any CPU
		{8B09646E-5BF0-4B05-A04A-338FCCA2B65D}.Debug|Any CPU.Build.0 = Debug|Any CPU
		{8B09646E-5BF0-4B05-A04A-338FCCA2B65D}.Release|Any CPU.ActiveCfg = Release|Any CPU
		{8B09646E-5BF0-4B05-A04A-338FCCA2B65D}.Release|Any CPU.Build.0 = Release|Any CPU
	EndGlobalSection
	GlobalSection(SolutionProperties) = preSolution
		HideSolutionNode = FALSE
	EndGlobalSection
	GlobalSection(ExtensibilityGlobals) = postSolution
		SolutionGuid = {9B2569CA-5E60-4743-9497-FCE8940AD153}
	EndGlobalSection
EndGlobal
